
Microsoft Visual Studio Solution File, Format Version 12.00
# Visual Studio Version 17
VisualStudioVersion = 17.5.33414.496
MinimumVisualStudioVersion = 10.0.40219.1
Project("{9A19103F-16F7-4668-BE54-9A1E7A4F7556}") = "SC4690_HFT_2023241.Client", "SC4690_HFT_2023241.Client\SC4690_HFT_2023241.Client.csproj", "{C00C42B7-8EDD-4A6C-B89C-3E5259960B12}"
EndProject
Project("{9A19103F-16F7-4668-BE54-9A1E7A4F7556}") = "SC4690_HFT_2023241.Models", "SC4690_HFT_2023241.Models\SC4690_HFT_2023241.Models.csproj", "{66E7EC94-4B98-4C7C-BDFA-C9B55D8664F6}"
EndProject
Project("{9A19103F-16F7-4668-BE54-9A1E7A4F7556}") = "SC4690_HFT_2023241.Repository", "SC4690_HFT_2023241.Repository\SC4690_HFT_2023241.Repository.csproj", "{00267958-FE47-4BC2-9833-D9510F46A3EB}"
EndProject
Project("{9A19103F-16F7-4668-BE54-9A1E7A4F7556}") = "SC4690_HFT_2023241.Logic", "SC4690_HFT_2023241.Logic\SC4690_HFT_2023241.Logic.csproj", "{A22F20A8-2E11-4FF5-BC67-93132D1ABEFF}"
EndProject
Project("{9A19103F-16F7-4668-BE54-9A1E7A4F7556}") = "SC4690_HFT_2023241.Test", "SC4690_HFT_2023241.Test\SC4690_HFT_2023241.Test.csproj", "{F28F3A19-7294-4B03-875F-33568BCE1DD2}"
EndProject
Project("{2150E333-8FDC-42A3-9474-1A3956D46DE8}") = "Backend", "Backend", "{05DFA578-1AA5-4EC1-BD20-327083D2D852}"
EndProject
Project("{2150E333-8FDC-42A3-9474-1A3956D46DE8}") = "Frontend", "Frontend", "{DD7CC495-3563-42E0-A166-A88590C42A3E}"
EndProject
Project("{2150E333-8FDC-42A3-9474-1A3956D46DE8}") = "Shared", "Shared", "{848B85C1-F1BA-4268-8DBC-B45540EB0DA8}"
EndProject
Project("{9A19103F-16F7-4668-BE54-9A1E7A4F7556}") = "SC4690_HFT_2023241.Endpoint", "SC4690_HFT_2023241.Endpoint\SC4690_HFT_2023241.Endpoint.csproj", "{DCA3D4E4-A8FD-4E1C-BA5E-E4574C809048}"
EndProject
Project("{9A19103F-16F7-4668-BE54-9A1E7A4F7556}") = "SC4690_SZTGUI_2023242.JSClient", "SC4690_SZTGUI_2023242.JSClient\SC4690_SZTGUI_2023242.JSClient.csproj", "{34429FAF-AEB7-43FB-8AA2-5645CD80C0CF}"
EndProject
Project("{FAE04EC0-301F-11D3-BF4B-00C04F79EFBC}") = "SC4690_SZTGUI_2023242.WpfClient", "SC4690_SZTGUI_2023242.WpfClient\SC4690_SZTGUI_2023242.WpfClient.csproj", "{742DD360-223A-4BA7-89DD-7BA7DF12ECDA}"
EndProject
Global
	GlobalSection(SolutionConfigurationPlatforms) = preSolution
		Debug|Any CPU = Debug|Any CPU
		Release|Any CPU = Release|Any CPU
	EndGlobalSection
	GlobalSection(ProjectConfigurationPlatforms) = postSolution
		{C00C42B7-8EDD-4A6C-B89C-3E5259960B12}.Debug|Any CPU.ActiveCfg = Debug|Any CPU
		{C00C42B7-8EDD-4A6C-B89C-3E5259960B12}.Debug|Any CPU.Build.0 = Debug|Any CPU
		{C00C42B7-8EDD-4A6C-B89C-3E5259960B12}.Release|Any CPU.ActiveCfg = Release|Any CPU
		{C00C42B7-8EDD-4A6C-B89C-3E5259960B12}.Release|Any CPU.Build.0 = Release|Any CPU
		{66E7EC94-4B98-4C7C-BDFA-C9B55D8664F6}.Debug|Any CPU.ActiveCfg = Debug|Any CPU
		{66E7EC94-4B98-4C7C-BDFA-C9B55D8664F6}.Debug|Any CPU.Build.0 = Debug|Any CPU
		{66E7EC94-4B98-4C7C-BDFA-C9B55D8664F6}.Release|Any CPU.ActiveCfg = Release|Any CPU
		{66E7EC94-4B98-4C7C-BDFA-C9B55D8664F6}.Release|Any CPU.Build.0 = Release|Any CPU
		{00267958-FE47-4BC2-9833-D9510F46A3EB}.Debug|Any CPU.ActiveCfg = Debug|Any CPU
		{00267958-FE47-4BC2-9833-D9510F46A3EB}.Debug|Any CPU.Build.0 = Debug|Any CPU
		{00267958-FE47-4BC2-9833-D9510F46A3EB}.Release|Any CPU.ActiveCfg = Release|Any CPU
		{00267958-FE47-4BC2-9833-D9510F46A3EB}.Release|Any CPU.Build.0 = Release|Any CPU
		{A22F20A8-2E11-4FF5-BC67-93132D1ABEFF}.Debug|Any CPU.ActiveCfg = Debug|Any CPU
		{A22F20A8-2E11-4FF5-BC67-93132D1ABEFF}.Debug|Any CPU.Build.0 = Debug|Any CPU
		{A22F20A8-2E11-4FF5-BC67-93132D1ABEFF}.Release|Any CPU.ActiveCfg = Release|Any CPU
		{A22F20A8-2E11-4FF5-BC67-93132D1ABEFF}.Release|Any CPU.Build.0 = Release|Any CPU
		{F28F3A19-7294-4B03-875F-33568BCE1DD2}.Debug|Any CPU.ActiveCfg = Debug|Any CPU
		{F28F3A19-7294-4B03-875F-33568BCE1DD2}.Debug|Any CPU.Build.0 = Debug|Any CPU
		{F28F3A19-7294-4B03-875F-33568BCE1DD2}.Release|Any CPU.ActiveCfg = Release|Any CPU
		{F28F3A19-7294-4B03-875F-33568BCE1DD2}.Release|Any CPU.Build.0 = Release|Any CPU
		{DCA3D4E4-A8FD-4E1C-BA5E-E4574C809048}.Debug|Any CPU.ActiveCfg = Debug|Any CPU
		{DCA3D4E4-A8FD-4E1C-BA5E-E4574C809048}.Debug|Any CPU.Build.0 = Debug|Any CPU
		{DCA3D4E4-A8FD-4E1C-BA5E-E4574C809048}.Release|Any CPU.ActiveCfg = Release|Any CPU
		{DCA3D4E4-A8FD-4E1C-BA5E-E4574C809048}.Release|Any CPU.Build.0 = Release|Any CPU
		{34429FAF-AEB7-43FB-8AA2-5645CD80C0CF}.Debug|Any CPU.ActiveCfg = Debug|Any CPU
		{34429FAF-AEB7-43FB-8AA2-5645CD80C0CF}.Debug|Any CPU.Build.0 = Debug|Any CPU
		{34429FAF-AEB7-43FB-8AA2-5645CD80C0CF}.Release|Any CPU.ActiveCfg = Release|Any CPU
		{34429FAF-AEB7-43FB-8AA2-5645CD80C0CF}.Release|Any CPU.Build.0 = Release|Any CPU
		{742DD360-223A-4BA7-89DD-7BA7DF12ECDA}.Debug|Any CPU.ActiveCfg = Debug|Any CPU
		{742DD360-223A-4BA7-89DD-7BA7DF12ECDA}.Debug|Any CPU.Build.0 = Debug|Any CPU
		{742DD360-223A-4BA7-89DD-7BA7DF12ECDA}.Release|Any CPU.ActiveCfg = Release|Any CPU
		{742DD360-223A-4BA7-89DD-7BA7DF12ECDA}.Release|Any CPU.Build.0 = Release|Any CPU
	EndGlobalSection
	GlobalSection(SolutionProperties) = preSolution
		HideSolutionNode = FALSE
	EndGlobalSection
	GlobalSection(NestedProjects) = preSolution
		{C00C42B7-8EDD-4A6C-B89C-3E5259960B12} = {DD7CC495-3563-42E0-A166-A88590C42A3E}
		{66E7EC94-4B98-4C7C-BDFA-C9B55D8664F6} = {848B85C1-F1BA-4268-8DBC-B45540EB0DA8}
		{00267958-FE47-4BC2-9833-D9510F46A3EB} = {05DFA578-1AA5-4EC1-BD20-327083D2D852}
		{A22F20A8-2E11-4FF5-BC67-93132D1ABEFF} = {05DFA578-1AA5-4EC1-BD20-327083D2D852}
		{F28F3A19-7294-4B03-875F-33568BCE1DD2} = {05DFA578-1AA5-4EC1-BD20-327083D2D852}
		{DCA3D4E4-A8FD-4E1C-BA5E-E4574C809048} = {05DFA578-1AA5-4EC1-BD20-327083D2D852}
	EndGlobalSection
	GlobalSection(ExtensibilityGlobals) = postSolution
		SolutionGuid = {9BE7AEB7-4EE7-45A1-BEC7-FC890AEE90DC}
	EndGlobalSection
EndGlobal
